// !$*UTF8*$!
{
	archiveVersion = 1;
	classes = {
	};
	objectVersion = 56;
	objects = {

/* Begin PBXBuildFile section */
		521864A129C41C6E00B02339 /* AppDelegate.swift in Sources */ = {isa = PBXBuildFile; fileRef = 521864A029C41C6E00B02339 /* AppDelegate.swift */; };
		521864A329C41C6E00B02339 /* SceneDelegate.swift in Sources */ = {isa = PBXBuildFile; fileRef = 521864A229C41C6E00B02339 /* SceneDelegate.swift */; };
		521864A529C41C6E00B02339 /* FeedViewController.swift in Sources */ = {isa = PBXBuildFile; fileRef = 521864A429C41C6E00B02339 /* FeedViewController.swift */; };
		521864A829C41C6E00B02339 /* Main.storyboard in Resources */ = {isa = PBXBuildFile; fileRef = 521864A629C41C6E00B02339 /* Main.storyboard */; };
		521864AA29C41C6F00B02339 /* Assets.xcassets in Resources */ = {isa = PBXBuildFile; fileRef = 521864A929C41C6F00B02339 /* Assets.xcassets */; };
		521864AD29C41C6F00B02339 /* LaunchScreen.storyboard in Resources */ = {isa = PBXBuildFile; fileRef = 521864AB29C41C6F00B02339 /* LaunchScreen.storyboard */; };
		521864B729C41D3900B02339 /* PostViewController.swift in Sources */ = {isa = PBXBuildFile; fileRef = 521864B629C41D3900B02339 /* PostViewController.swift */; };
		521864B929C41D5200B02339 /* InfoViewController.swift in Sources */ = {isa = PBXBuildFile; fileRef = 521864B829C41D5200B02339 /* InfoViewController.swift */; };
		521864BB29C41D7500B02339 /* Post.swift in Sources */ = {isa = PBXBuildFile; fileRef = 521864BA29C41D7500B02339 /* Post.swift */; };
		521864BD29C41FEA00B02339 /* ProfileViewController.swift in Sources */ = {isa = PBXBuildFile; fileRef = 521864BC29C41FEA00B02339 /* ProfileViewController.swift */; };
		5218655A29DE71DB00B02339 /* LogInViewController.swift in Sources */ = {isa = PBXBuildFile; fileRef = 5218655929DE71DB00B02339 /* LogInViewController.swift */; };
		5258423C2A70BDB500E53369 /* TabController.swift in Sources */ = {isa = PBXBuildFile; fileRef = 5258423B2A70BDB500E53369 /* TabController.swift */; };
		527761652A573664002DD01A /* PostTableViewCell.swift in Sources */ = {isa = PBXBuildFile; fileRef = 527761642A573664002DD01A /* PostTableViewCell.swift */; };
		527761672A6CB4D6002DD01A /* ProfileHeaderView.swift in Sources */ = {isa = PBXBuildFile; fileRef = 527761662A6CB4D6002DD01A /* ProfileHeaderView.swift */; };
		527761692A6CC69C002DD01A /* Extention.swift in Sources */ = {isa = PBXBuildFile; fileRef = 527761682A6CC69C002DD01A /* Extention.swift */; };
/* End PBXBuildFile section */

/* Begin PBXFileReference section */
		5218649D29C41C6E00B02339 /* IOS-GusevAHW2.3.1+2.app */ = {isa = PBXFileReference; explicitFileType = wrapper.application; includeInIndex = 0; path = "IOS-GusevAHW2.3.1+2.app"; sourceTree = BUILT_PRODUCTS_DIR; };
		521864A029C41C6E00B02339 /* AppDelegate.swift */ = {isa = PBXFileReference; lastKnownFileType = sourcecode.swift; path = AppDelegate.swift; sourceTree = "<group>"; };
		521864A229C41C6E00B02339 /* SceneDelegate.swift */ = {isa = PBXFileReference; lastKnownFileType = sourcecode.swift; path = SceneDelegate.swift; sourceTree = "<group>"; };
		521864A429C41C6E00B02339 /* FeedViewController.swift */ = {isa = PBXFileReference; lastKnownFileType = sourcecode.swift; path = FeedViewController.swift; sourceTree = "<group>"; };
		521864A729C41C6E00B02339 /* Base */ = {isa = PBXFileReference; lastKnownFileType = file.storyboard; name = Base; path = Base.lproj/Main.storyboard; sourceTree = "<group>"; };
		521864A929C41C6F00B02339 /* Assets.xcassets */ = {isa = PBXFileReference; lastKnownFileType = folder.assetcatalog; path = Assets.xcassets; sourceTree = "<group>"; };
		521864AC29C41C6F00B02339 /* Base */ = {isa = PBXFileReference; lastKnownFileType = file.storyboard; name = Base; path = Base.lproj/LaunchScreen.storyboard; sourceTree = "<group>"; };
		521864AE29C41C6F00B02339 /* Info.plist */ = {isa = PBXFileReference; lastKnownFileType = text.plist.xml; path = Info.plist; sourceTree = "<group>"; };
		521864B629C41D3900B02339 /* PostViewController.swift */ = {isa = PBXFileReference; lastKnownFileType = sourcecode.swift; path = PostViewController.swift; sourceTree = "<group>"; };
		521864B829C41D5200B02339 /* InfoViewController.swift */ = {isa = PBXFileReference; lastKnownFileType = sourcecode.swift; path = InfoViewController.swift; sourceTree = "<group>"; };
		521864BA29C41D7500B02339 /* Post.swift */ = {isa = PBXFileReference; lastKnownFileType = sourcecode.swift; path = Post.swift; sourceTree = "<group>"; };
		521864BC29C41FEA00B02339 /* ProfileViewController.swift */ = {isa = PBXFileReference; lastKnownFileType = sourcecode.swift; path = ProfileViewController.swift; sourceTree = "<group>"; };
		5218655929DE71DB00B02339 /* LogInViewController.swift */ = {isa = PBXFileReference; lastKnownFileType = sourcecode.swift; path = LogInViewController.swift; sourceTree = "<group>"; };
		5258423B2A70BDB500E53369 /* TabController.swift */ = {isa = PBXFileReference; lastKnownFileType = sourcecode.swift; path = TabController.swift; sourceTree = "<group>"; };
		527761642A573664002DD01A /* PostTableViewCell.swift */ = {isa = PBXFileReference; lastKnownFileType = sourcecode.swift; path = PostTableViewCell.swift; sourceTree = "<group>"; };
		527761662A6CB4D6002DD01A /* ProfileHeaderView.swift */ = {isa = PBXFileReference; lastKnownFileType = sourcecode.swift; path = ProfileHeaderView.swift; sourceTree = "<group>"; };
		527761682A6CC69C002DD01A /* Extention.swift */ = {isa = PBXFileReference; lastKnownFileType = sourcecode.swift; path = Extention.swift; sourceTree = "<group>"; };
/* End PBXFileReference section */

/* Begin PBXFrameworksBuildPhase section */
		5218649A29C41C6E00B02339 /* Frameworks */ = {
			isa = PBXFrameworksBuildPhase;
			buildActionMask = 2147483647;
			files = (
			);
			runOnlyForDeploymentPostprocessing = 0;
		};
/* End PBXFrameworksBuildPhase section */

/* Begin PBXGroup section */
		5218649429C41C6E00B02339 = {
			isa = PBXGroup;
			children = (
				5218649F29C41C6E00B02339 /* Profile */,
				5218649E29C41C6E00B02339 /* Products */,
			);
			sourceTree = "<group>";
		};
		5218649E29C41C6E00B02339 /* Products */ = {
			isa = PBXGroup;
			children = (
				5218649D29C41C6E00B02339 /* IOS-GusevAHW2.3.1+2.app */,
			);
			name = Products;
			sourceTree = "<group>";
		};
		5218649F29C41C6E00B02339 /* Profile */ = {
			isa = PBXGroup;
			children = (
				521864A029C41C6E00B02339 /* AppDelegate.swift */,
				521864A229C41C6E00B02339 /* SceneDelegate.swift */,
				521864A429C41C6E00B02339 /* FeedViewController.swift */,
				521864A629C41C6E00B02339 /* Main.storyboard */,
				521864A929C41C6F00B02339 /* Assets.xcassets */,
				521864AB29C41C6F00B02339 /* LaunchScreen.storyboard */,
				521864AE29C41C6F00B02339 /* Info.plist */,
				521864BE29C4201600B02339 /* Profile */,
				521864B629C41D3900B02339 /* PostViewController.swift */,
				521864B829C41D5200B02339 /* InfoViewController.swift */,
				521864BA29C41D7500B02339 /* Post.swift */,
				5258423B2A70BDB500E53369 /* TabController.swift */,
			);
			path = Profile;
			sourceTree = "<group>";
		};
		521864BE29C4201600B02339 /* Profile */ = {
			isa = PBXGroup;
			children = (
				527761662A6CB4D6002DD01A /* ProfileHeaderView.swift */,
				521864BC29C41FEA00B02339 /* ProfileViewController.swift */,
				5218655929DE71DB00B02339 /* LogInViewController.swift */,
				527761642A573664002DD01A /* PostTableViewCell.swift */,
				527761682A6CC69C002DD01A /* Extention.swift */,
			);
			path = Profile;
			sourceTree = "<group>";
		};
/* End PBXGroup section */

/* Begin PBXNativeTarget section */
		5218649C29C41C6E00B02339 /* IOS-GusevAHW2.3.1+2 */ = {
			isa = PBXNativeTarget;
			buildConfigurationList = 521864B129C41C6F00B02339 /* Build configuration list for PBXNativeTarget "IOS-GusevAHW2.3.1+2" */;
			buildPhases = (
				5218649929C41C6E00B02339 /* Sources */,
				5218649A29C41C6E00B02339 /* Frameworks */,
				5218649B29C41C6E00B02339 /* Resources */,
			);
			buildRules = (
			);
			dependencies = (
			);
			name = "IOS-GusevAHW2.3.1+2";
			productName = Profile;
			productReference = 5218649D29C41C6E00B02339 /* IOS-GusevAHW2.3.1+2.app */;
			productType = "com.apple.product-type.application";
		};
/* End PBXNativeTarget section */

/* Begin PBXProject section */
		5218649529C41C6E00B02339 /* Project object */ = {
			isa = PBXProject;
			attributes = {
				BuildIndependentTargetsInParallel = 1;
				LastSwiftUpdateCheck = 1420;
				LastUpgradeCheck = 1420;
				TargetAttributes = {
					5218649C29C41C6E00B02339 = {
						CreatedOnToolsVersion = 14.2;
					};
				};
			};
			buildConfigurationList = 5218649829C41C6E00B02339 /* Build configuration list for PBXProject "IOS-GusevAHW2.3.1+2" */;
			compatibilityVersion = "Xcode 14.0";
			developmentRegion = en;
			hasScannedForEncodings = 0;
			knownRegions = (
				en,
				Base,
			);
			mainGroup = 5218649429C41C6E00B02339;
			productRefGroup = 5218649E29C41C6E00B02339 /* Products */;
			projectDirPath = "";
			projectRoot = "";
			targets = (
				5218649C29C41C6E00B02339 /* IOS-GusevAHW2.3.1+2 */,
			);
		};
/* End PBXProject section */

/* Begin PBXResourcesBuildPhase section */
		5218649B29C41C6E00B02339 /* Resources */ = {
			isa = PBXResourcesBuildPhase;
			buildActionMask = 2147483647;
			files = (
				521864AD29C41C6F00B02339 /* LaunchScreen.storyboard in Resources */,
				521864AA29C41C6F00B02339 /* Assets.xcassets in Resources */,
				521864A829C41C6E00B02339 /* Main.storyboard in Resources */,
			);
			runOnlyForDeploymentPostprocessing = 0;
		};
/* End PBXResourcesBuildPhase section */

/* Begin PBXSourcesBuildPhase section */
		5218649929C41C6E00B02339 /* Sources */ = {
			isa = PBXSourcesBuildPhase;
			buildActionMask = 2147483647;
			files = (
				521864A529C41C6E00B02339 /* FeedViewController.swift in Sources */,
				5258423C2A70BDB500E53369 /* TabController.swift in Sources */,
				527761652A573664002DD01A /* PostTableViewCell.swift in Sources */,
				521864A129C41C6E00B02339 /* AppDelegate.swift in Sources */,
				527761692A6CC69C002DD01A /* Extention.swift in Sources */,
				521864A329C41C6E00B02339 /* SceneDelegate.swift in Sources */,
				521864B929C41D5200B02339 /* InfoViewController.swift in Sources */,
				527761672A6CB4D6002DD01A /* ProfileHeaderView.swift in Sources */,
				521864BB29C41D7500B02339 /* Post.swift in Sources */,
				521864B729C41D3900B02339 /* PostViewController.swift in Sources */,
				5218655A29DE71DB00B02339 /* LogInViewController.swift in Sources */,
				521864BD29C41FEA00B02339 /* ProfileViewController.swift in Sources */,
			);
			runOnlyForDeploymentPostprocessing = 0;
		};
/* End PBXSourcesBuildPhase section */

/* Begin PBXVariantGroup section */
		521864A629C41C6E00B02339 /* Main.storyboard */ = {
			isa = PBXVariantGroup;
			children = (
				521864A729C41C6E00B02339 /* Base */,
			);
			name = Main.storyboard;
			sourceTree = "<group>";
		};
		521864AB29C41C6F00B02339 /* LaunchScreen.storyboard */ = {
			isa = PBXVariantGroup;
			children = (
				521864AC29C41C6F00B02339 /* Base */,
			);
			name = LaunchScreen.storyboard;
			sourceTree = "<group>";
		};
/* End PBXVariantGroup section */

/* Begin XCBuildConfiguration section */
		521864AF29C41C6F00B02339 /* Debug */ = {
			isa = XCBuildConfiguration;
			buildSettings = {
				ALWAYS_SEARCH_USER_PATHS = NO;
				CLANG_ANALYZER_NONNULL = YES;
				CLANG_ANALYZER_NUMBER_OBJECT_CONVERSION = YES_AGGRESSIVE;
				CLANG_CXX_LANGUAGE_STANDARD = "gnu++20";
				CLANG_ENABLE_MODULES = YES;
				CLANG_ENABLE_OBJC_ARC = YES;
				CLANG_ENABLE_OBJC_WEAK = YES;
				CLANG_WARN_BLOCK_CAPTURE_AUTORELEASING = YES;
				CLANG_WARN_BOOL_CONVERSION = YES;
				CLANG_WARN_COMMA = YES;
				CLANG_WARN_CONSTANT_CONVERSION = YES;
				CLANG_WARN_DEPRECATED_OBJC_IMPLEMENTATIONS = YES;
				CLANG_WARN_DIRECT_OBJC_ISA_USAGE = YES_ERROR;
				CLANG_WARN_DOCUMENTATION_COMMENTS = YES;
				CLANG_WARN_EMPTY_BODY = YES;
				CLANG_WARN_ENUM_CONVERSION = YES;
				CLANG_WARN_INFINITE_RECURSION = YES;
				CLANG_WARN_INT_CONVERSION = YES;
				CLANG_WARN_NON_LITERAL_NULL_CONVERSION = YES;
				CLANG_WARN_OBJC_IMPLICIT_RETAIN_SELF = YES;
				CLANG_WARN_OBJC_LITERAL_CONVERSION = YES;
				CLANG_WARN_OBJC_ROOT_CLASS = YES_ERROR;
				CLANG_WARN_QUOTED_INCLUDE_IN_FRAMEWORK_HEADER = YES;
				CLANG_WARN_RANGE_LOOP_ANALYSIS = YES;
				CLANG_WARN_STRICT_PROTOTYPES = YES;
				CLANG_WARN_SUSPICIOUS_MOVE = YES;
				CLANG_WARN_UNGUARDED_AVAILABILITY = YES_AGGRESSIVE;
				CLANG_WARN_UNREACHABLE_CODE = YES;
				CLANG_WARN__DUPLICATE_METHOD_MATCH = YES;
				COPY_PHASE_STRIP = NO;
				DEBUG_INFORMATION_FORMAT = dwarf;
				ENABLE_STRICT_OBJC_MSGSEND = YES;
				ENABLE_TESTABILITY = YES;
				GCC_C_LANGUAGE_STANDARD = gnu11;
				GCC_DYNAMIC_NO_PIC = NO;
				GCC_NO_COMMON_BLOCKS = YES;
				GCC_OPTIMIZATION_LEVEL = 0;
				GCC_PREPROCESSOR_DEFINITIONS = (
					"DEBUG=1",
					"$(inherited)",
				);
				GCC_WARN_64_TO_32_BIT_CONVERSION = YES;
				GCC_WARN_ABOUT_RETURN_TYPE = YES_ERROR;
				GCC_WARN_UNDECLARED_SELECTOR = YES;
				GCC_WARN_UNINITIALIZED_AUTOS = YES_AGGRESSIVE;
				GCC_WARN_UNUSED_FUNCTION = YES;
				GCC_WARN_UNUSED_VARIABLE = YES;
				IPHONEOS_DEPLOYMENT_TARGET = 16.2;
				MTL_ENABLE_DEBUG_INFO = INCLUDE_SOURCE;
				MTL_FAST_MATH = YES;
				ONLY_ACTIVE_ARCH = YES;
				SDKROOT = iphoneos;
				SWIFT_ACTIVE_COMPILATION_CONDITIONS = DEBUG;
				SWIFT_OPTIMIZATION_LEVEL = "-Onone";
			};
			name = Debug;
		};
		521864B029C41C6F00B02339 /* Release */ = {
			isa = XCBuildConfiguration;
			buildSettings = {
				ALWAYS_SEARCH_USER_PATHS = NO;
				CLANG_ANALYZER_NONNULL = YES;
				CLANG_ANALYZER_NUMBER_OBJECT_CONVERSION = YES_AGGRESSIVE;
				CLANG_CXX_LANGUAGE_STANDARD = "gnu++20";
				CLANG_ENABLE_MODULES = YES;
				CLANG_ENABLE_OBJC_ARC = YES;
				CLANG_ENABLE_OBJC_WEAK = YES;
				CLANG_WARN_BLOCK_CAPTURE_AUTORELEASING = YES;
				CLANG_WARN_BOOL_CONVERSION = YES;
				CLANG_WARN_COMMA = YES;
				CLANG_WARN_CONSTANT_CONVERSION = YES;
				CLANG_WARN_DEPRECATED_OBJC_IMPLEMENTATIONS = YES;
				CLANG_WARN_DIRECT_OBJC_ISA_USAGE = YES_ERROR;
				CLANG_WARN_DOCUMENTATION_COMMENTS = YES;
				CLANG_WARN_EMPTY_BODY = YES;
				CLANG_WARN_ENUM_CONVERSION = YES;
				CLANG_WARN_INFINITE_RECURSION = YES;
				CLANG_WARN_INT_CONVERSION = YES;
				CLANG_WARN_NON_LITERAL_NULL_CONVERSION = YES;
				CLANG_WARN_OBJC_IMPLICIT_RETAIN_SELF = YES;
				CLANG_WARN_OBJC_LITERAL_CONVERSION = YES;
				CLANG_WARN_OBJC_ROOT_CLASS = YES_ERROR;
				CLANG_WARN_QUOTED_INCLUDE_IN_FRAMEWORK_HEADER = YES;
				CLANG_WARN_RANGE_LOOP_ANALYSIS = YES;
				CLANG_WARN_STRICT_PROTOTYPES = YES;
				CLANG_WARN_SUSPICIOUS_MOVE = YES;
				CLANG_WARN_UNGUARDED_AVAILABILITY = YES_AGGRESSIVE;
				CLANG_WARN_UNREACHABLE_CODE = YES;
				CLANG_WARN__DUPLICATE_METHOD_MATCH = YES;
				COPY_PHASE_STRIP = NO;
				DEBUG_INFORMATION_FORMAT = "dwarf-with-dsym";
				ENABLE_NS_ASSERTIONS = NO;
				ENABLE_STRICT_OBJC_MSGSEND = YES;
				GCC_C_LANGUAGE_STANDARD = gnu11;
				GCC_NO_COMMON_BLOCKS = YES;
				GCC_WARN_64_TO_32_BIT_CONVERSION = YES;
				GCC_WARN_ABOUT_RETURN_TYPE = YES_ERROR;
				GCC_WARN_UNDECLARED_SELECTOR = YES;
				GCC_WARN_UNINITIALIZED_AUTOS = YES_AGGRESSIVE;
				GCC_WARN_UNUSED_FUNCTION = YES;
				GCC_WARN_UNUSED_VARIABLE = YES;
				IPHONEOS_DEPLOYMENT_TARGET = 16.2;
				MTL_ENABLE_DEBUG_INFO = NO;
				MTL_FAST_MATH = YES;
				SDKROOT = iphoneos;
				SWIFT_COMPILATION_MODE = wholemodule;
				SWIFT_OPTIMIZATION_LEVEL = "-O";
				VALIDATE_PRODUCT = YES;
			};
			name = Release;
		};
		521864B229C41C6F00B02339 /* Debug */ = {
			isa = XCBuildConfiguration;
			buildSettings = {
				ASSETCATALOG_COMPILER_APPICON_NAME = AppIcon;
				ASSETCATALOG_COMPILER_GLOBAL_ACCENT_COLOR_NAME = AccentColor;
				CODE_SIGN_STYLE = Automatic;
				CURRENT_PROJECT_VERSION = 1;
				GENERATE_INFOPLIST_FILE = YES;
				INFOPLIST_FILE = Profile/Info.plist;
				INFOPLIST_KEY_UIApplicationSupportsIndirectInputEvents = YES;
				INFOPLIST_KEY_UILaunchStoryboardName = LaunchScreen;
				INFOPLIST_KEY_UIMainStoryboardFile = Main;
				INFOPLIST_KEY_UISupportedInterfaceOrientations_iPad = "UIInterfaceOrientationPortrait UIInterfaceOrientationPortraitUpsideDown UIInterfaceOrientationLandscapeLeft UIInterfaceOrientationLandscapeRight";
				INFOPLIST_KEY_UISupportedInterfaceOrientations_iPhone = "UIInterfaceOrientationPortrait UIInterfaceOrientationLandscapeLeft UIInterfaceOrientationLandscapeRight";
				LD_RUNPATH_SEARCH_PATHS = (
					"$(inherited)",
					"@executable_path/Frameworks",
				);
				MARKETING_VERSION = 1.0;
				PRODUCT_BUNDLE_IDENTIFIER = ds.Profile;
				PRODUCT_NAME = "$(TARGET_NAME)";
				SWIFT_EMIT_LOC_STRINGS = YES;
				SWIFT_VERSION = 5.0;
				TARGETED_DEVICE_FAMILY = "1,2";
			};
			name = Debug;
		};
		521864B329C41C6F00B02339 /* Release */ = {
			isa = XCBuildConfiguration;
			buildSettings = {
				ASSETCATALOG_COMPILER_APPICON_NAME = AppIcon;
				ASSETCATALOG_COMPILER_GLOBAL_ACCENT_COLOR_NAME = AccentColor;
				CODE_SIGN_STYLE = Automatic;
				CURRENT_PROJECT_VERSION = 1;
				GENERATE_INFOPLIST_FILE = YES;
				INFOPLIST_FILE = Profile/Info.plist;
				INFOPLIST_KEY_UIApplicationSupportsIndirectInputEvents = YES;
				INFOPLIST_KEY_UILaunchStoryboardName = LaunchScreen;
				INFOPLIST_KEY_UIMainStoryboardFile = Main;
				INFOPLIST_KEY_UISupportedInterfaceOrientations_iPad = "UIInterfaceOrientationPortrait UIInterfaceOrientationPortraitUpsideDown UIInterfaceOrientationLandscapeLeft UIInterfaceOrientationLandscapeRight";
				INFOPLIST_KEY_UISupportedInterfaceOrientations_iPhone = "UIInterfaceOrientationPortrait UIInterfaceOrientationLandscapeLeft UIInterfaceOrientationLandscapeRight";
				LD_RUNPATH_SEARCH_PATHS = (
					"$(inherited)",
					"@executable_path/Frameworks",
				);
				MARKETING_VERSION = 1.0;
				PRODUCT_BUNDLE_IDENTIFIER = ds.Profile;
				PRODUCT_NAME = "$(TARGET_NAME)";
				SWIFT_EMIT_LOC_STRINGS = YES;
				SWIFT_VERSION = 5.0;
				TARGETED_DEVICE_FAMILY = "1,2";
			};
			name = Release;
		};
/* End XCBuildConfiguration section */

/* Begin XCConfigurationList section */
		5218649829C41C6E00B02339 /* Build configuration list for PBXProject "IOS-GusevAHW2.3.1+2" */ = {
			isa = XCConfigurationList;
			buildConfigurations = (
				521864AF29C41C6F00B02339 /* Debug */,
				521864B029C41C6F00B02339 /* Release */,
			);
			defaultConfigurationIsVisible = 0;
			defaultConfigurationName = Release;
		};
		521864B129C41C6F00B02339 /* Build configuration list for PBXNativeTarget "IOS-GusevAHW2.3.1+2" */ = {
			isa = XCConfigurationList;
			buildConfigurations = (
				521864B229C41C6F00B02339 /* Debug */,
				521864B329C41C6F00B02339 /* Release */,
			);
			defaultConfigurationIsVisible = 0;
			defaultConfigurationName = Release;
		};
/* End XCConfigurationList section */
	};
	rootObject = 5218649529C41C6E00B02339 /* Project object */;
}
